
Microsoft Visual Studio Solution File, Format Version 12.00
# Visual Studio Version 16
VisualStudioVersion = 16.0.30523.141
MinimumVisualStudioVersion = 10.0.40219.1
Project("{FAE04EC0-301F-11D3-BF4B-00C04F79EFBC}") = "BankOCR", "BankOCR\BankOCR.csproj", "{036F7FC9-62F0-4F32-8223-B7A33EFDDC15}"
EndProject
Project("{FAE04EC0-301F-11D3-BF4B-00C04F79EFBC}") = "BankOCRTests", "BankOCRTests\BankOCRTests.csproj", "{6B2D1B17-4EF1-4062-B042-69A31D84457E}"
EndProject
Global
	GlobalSection(SolutionConfigurationPlatforms) = preSolution
		Debug|Any CPU = Debug|Any CPU
		Release|Any CPU = Release|Any CPU
	EndGlobalSection
	GlobalSection(ProjectConfigurationPlatforms) = postSolution
		{036F7FC9-62F0-4F32-8223-B7A33EFDDC15}.Debug|Any CPU.ActiveCfg = Debug|Any CPU
		{036F7FC9-62F0-4F32-8223-B7A33EFDDC15}.Debug|Any CPU.Build.0 = Debug|Any CPU
		{036F7FC9-62F0-4F32-8223-B7A33EFDDC15}.Release|Any CPU.ActiveCfg = Release|Any CPU
		{036F7FC9-62F0-4F32-8223-B7A33EFDDC15}.Release|Any CPU.Build.0 = Release|Any CPU
		{6B2D1B17-4EF1-4062-B042-69A31D84457E}.Debug|Any CPU.ActiveCfg = Debug|Any CPU
		{6B2D1B17-4EF1-4062-B042-69A31D84457E}.Debug|Any CPU.Build.0 = Debug|Any CPU
		{6B2D1B17-4EF1-4062-B042-69A31D84457E}.Release|Any CPU.ActiveCfg = Release|Any CPU
		{6B2D1B17-4EF1-4062-B042-69A31D84457E}.Release|Any CPU.Build.0 = Release|Any CPU
	EndGlobalSection
	GlobalSection(SolutionProperties) = preSolution
		HideSolutionNode = FALSE
	EndGlobalSection
	GlobalSection(ExtensibilityGlobals) = postSolution
		SolutionGuid = {BBC14901-4FF6-4636-9F8C-16900A36CFD9}
	EndGlobalSection
EndGlobal
